
Microsoft Visual Studio Solution File, Format Version 12.00
# Visual Studio Version 16
VisualStudioVersion = 16.0.30128.74
MinimumVisualStudioVersion = 10.0.40219.1
Project("{FAE04EC0-301F-11D3-BF4B-00C04F79EFBC}") = "project_be", "project_be\project_be.csproj", "{F6E6AE8E-2EF5-41B7-AD92-FBF52240B77E}"
EndProject
Global
	GlobalSection(SolutionConfigurationPlatforms) = preSolution
		Debug|Any CPU = Debug|Any CPU
		Release|Any CPU = Release|Any CPU
	EndGlobalSection
	GlobalSection(ProjectConfigurationPlatforms) = postSolution
		{F6E6AE8E-2EF5-41B7-AD92-FBF52240B77E}.Debug|Any CPU.ActiveCfg = Debug|Any CPU
		{F6E6AE8E-2EF5-41B7-AD92-FBF52240B77E}.Debug|Any CPU.Build.0 = Debug|Any CPU
		{F6E6AE8E-2EF5-41B7-AD92-FBF52240B77E}.Release|Any CPU.ActiveCfg = Release|Any CPU
		{F6E6AE8E-2EF5-41B7-AD92-FBF52240B77E}.Release|Any CPU.Build.0 = Release|Any CPU
	EndGlobalSection
	GlobalSection(SolutionProperties) = preSolution
		HideSolutionNode = FALSE
	EndGlobalSection
	GlobalSection(ExtensibilityGlobals) = postSolution
		SolutionGuid = {EDADB6B4-89BF-4B22-88AC-36A19ED0E416}
	EndGlobalSection
EndGlobal
